
Microsoft Visual Studio Solution File, Format Version 12.00
# Visual Studio Version 17
VisualStudioVersion = 17.14.36414.22 d17.14
MinimumVisualStudioVersion = 10.0.40219.1
Project("{FAE04EC0-301F-11D3-BF4B-00C04F79EFBC}") = "kalk_bmi", "kalk_bmi\kalk_bmi.csproj", "{E1D776A9-2C21-46A5-ACC9-72FCA2812EFD}"
EndProject
Project("{FAE04EC0-301F-11D3-BF4B-00C04F79EFBC}") = "Bank", "Bank\Bank.csproj", "{C72094C1-5B46-4094-A03B-D0616E80EBE3}"
EndProject
Global
	GlobalSection(SolutionConfigurationPlatforms) = preSolution
		Debug|Any CPU = Debug|Any CPU
		Release|Any CPU = Release|Any CPU
	EndGlobalSection
	GlobalSection(ProjectConfigurationPlatforms) = postSolution
		{E1D776A9-2C21-46A5-ACC9-72FCA2812EFD}.Debug|Any CPU.ActiveCfg = Debug|Any CPU
		{E1D776A9-2C21-46A5-ACC9-72FCA2812EFD}.Debug|Any CPU.Build.0 = Debug|Any CPU
		{E1D776A9-2C21-46A5-ACC9-72FCA2812EFD}.Release|Any CPU.ActiveCfg = Release|Any CPU
		{E1D776A9-2C21-46A5-ACC9-72FCA2812EFD}.Release|Any CPU.Build.0 = Release|Any CPU
		{C72094C1-5B46-4094-A03B-D0616E80EBE3}.Debug|Any CPU.ActiveCfg = Debug|Any CPU
		{C72094C1-5B46-4094-A03B-D0616E80EBE3}.Debug|Any CPU.Build.0 = Debug|Any CPU
		{C72094C1-5B46-4094-A03B-D0616E80EBE3}.Release|Any CPU.ActiveCfg = Release|Any CPU
		{C72094C1-5B46-4094-A03B-D0616E80EBE3}.Release|Any CPU.Build.0 = Release|Any CPU
	EndGlobalSection
	GlobalSection(SolutionProperties) = preSolution
		HideSolutionNode = FALSE
	EndGlobalSection
	GlobalSection(ExtensibilityGlobals) = postSolution
		SolutionGuid = {F8E904A0-B703-4388-9516-47B192A525A6}
	EndGlobalSection
EndGlobal
